
Microsoft Visual Studio Solution File, Format Version 12.00
# Visual Studio Version 16
VisualStudioVersion = 16.0.33927.289
MinimumVisualStudioVersion = 10.0.40219.1
Project("{2150E333-8FDC-42A3-9474-1A3956D46DE8}") = "Task0", "Task0", "{23D71A1F-A2F7-4E2C-AD5E-6DAF485605A6}"
EndProject
Project("{2150E333-8FDC-42A3-9474-1A3956D46DE8}") = "Task1", "Task1", "{96D5AC1F-4401-4FD0-8BA3-6BA76B7B5023}"
EndProject
Project("{2150E333-8FDC-42A3-9474-1A3956D46DE8}") = "Task2", "Task2", "{F6D43AF9-737B-40F9-9A0E-2D1426CF477D}"
EndProject
Project("{2150E333-8FDC-42A3-9474-1A3956D46DE8}") = "Task3", "Task3", "{ECFF41EE-6551-4E3E-A63B-DBFBD2AE2263}"
EndProject
Project("{2150E333-8FDC-42A3-9474-1A3956D46DE8}") = "Task4", "Task4", "{DB388355-7CED-401C-BB91-7D433A4A9C63}"
EndProject
Project("{2150E333-8FDC-42A3-9474-1A3956D46DE8}") = "Task5", "Task5", "{9C3E311B-5324-4A6F-A03C-A1396E93E2DB}"
EndProject
Project("{2150E333-8FDC-42A3-9474-1A3956D46DE8}") = "Task6", "Task6", "{491932A5-AE31-4730-B87F-64A0F90C1ACF}"
EndProject
Project("{2150E333-8FDC-42A3-9474-1A3956D46DE8}") = "Task7", "Task7", "{FD2F5E6C-9A9A-4627-A612-A4649DF5E7F3}"
EndProject
Project("{FAE04EC0-301F-11D3-BF4B-00C04F79EFBC}") = "Tyuiu.PyatkovaAYu.Sprint3.Task4.V12", "Tyuiu.PyatkovaAYu.Sprint3.Task4.V12\Tyuiu.PyatkovaAYu.Sprint3.Task4.V12.csproj", "{C4ECF754-65C6-4415-A2E1-B32DDFCC3FF3}"
EndProject
Project("{FAE04EC0-301F-11D3-BF4B-00C04F79EFBC}") = "Tyuiu.PyatkovaAYu.Sprint3.Task4.V12.Lib", "Tyuiu.PyatkovaAYu.Sprint3.Task4.V12.Lib\Tyuiu.PyatkovaAYu.Sprint3.Task4.V12.Lib.csproj", "{E1DAB70C-989D-4192-BC72-2075DC7BD1D2}"
EndProject
Project("{FAE04EC0-301F-11D3-BF4B-00C04F79EFBC}") = "Tyuiu.PyatkovaAYu.Sprint3.Task4.V12.Test", "Tyuiu.PyatkovaAYu.Sprint3.Task4.V12.Test\Tyuiu.PyatkovaAYu.Sprint3.Task4.V12.Test.csproj", "{EE7F37F4-7F65-40CA-BB3B-234DCCE5212F}"
EndProject
Project("{FAE04EC0-301F-11D3-BF4B-00C04F79EFBC}") = "Tyuiu.PyatkovaAYu.Sprint3.Task5.V12", "Tyuiu.PyatkovaAYu.Sprint3.Task5.V12\Tyuiu.PyatkovaAYu.Sprint3.Task5.V12.csproj", "{48C68C6F-268F-4BE4-BD33-689674214BB1}"
EndProject
Project("{FAE04EC0-301F-11D3-BF4B-00C04F79EFBC}") = "Tyuiu.PyatkovaAYu.Sprint3.Task5.V12.Lib", "Tyuiu.PyatkovaAYu.Sprint3.Task5.V12.Lib\Tyuiu.PyatkovaAYu.Sprint3.Task5.V12.Lib.csproj", "{EB0D4DE4-41DC-4C24-8EC1-92B6684FF696}"
EndProject
Project("{FAE04EC0-301F-11D3-BF4B-00C04F79EFBC}") = "Tyuiu.PyatkovaAYu.Sprint3.Task5.V12.Test", "Tyuiu.PyatkovaAYu.Sprint3.Task5.V12.Test\Tyuiu.PyatkovaAYu.Sprint3.Task5.V12.Test.csproj", "{327A7964-31E8-4484-8944-1012FCC80038}"
EndProject
Project("{FAE04EC0-301F-11D3-BF4B-00C04F79EFBC}") = "Tyuiu.PyatkovaAYu.Sprint3.Task6.V26", "Tyuiu.PyatkovaAYu.Sprint3.Task6.V26\Tyuiu.PyatkovaAYu.Sprint3.Task6.V26.csproj", "{E492D9A9-ADEA-4957-B718-FA99E38DE1CA}"
EndProject
Project("{FAE04EC0-301F-11D3-BF4B-00C04F79EFBC}") = "Tyuiu.PyatkovaAYu.Sprint3.Task6.V26.Lib", "Tyuiu.PyatkovaAYu.Sprint3.Task6.V26.Lib\Tyuiu.PyatkovaAYu.Sprint3.Task6.V26.Lib.csproj", "{6451A757-38D9-4BC8-AF8E-1BDDA1C0967F}"
EndProject
Project("{FAE04EC0-301F-11D3-BF4B-00C04F79EFBC}") = "Tyuiu.PyatkovaAYu.Sprint3.Task6.V26.Test", "Tyuiu.PyatkovaAYu.Sprint3.Task6.V26.Test\Tyuiu.PyatkovaAYu.Sprint3.Task6.V26.Test.csproj", "{617841DD-858A-48A6-A411-CEECD09CDD0F}"
EndProject
Project("{FAE04EC0-301F-11D3-BF4B-00C04F79EFBC}") = "Tyuiu.PyatkovaAYu.Sprint3.Task7.V21", "Tyuiu.PyatkovaAYu.Sprint3.Task7.V21\Tyuiu.PyatkovaAYu.Sprint3.Task7.V21.csproj", "{8550952F-2DC0-4CE1-8A8F-B492A4D3817E}"
EndProject
Project("{FAE04EC0-301F-11D3-BF4B-00C04F79EFBC}") = "Tyuiu.PyatkovaAYu.Sprint3.Task7.V21.Lib", "Tyuiu.PyatkovaAYu.Sprint3.Task7.V21.Lib\Tyuiu.PyatkovaAYu.Sprint3.Task7.V21.Lib.csproj", "{5C0B006D-6E93-4930-AE53-DD783BD7F5B3}"
EndProject
Project("{FAE04EC0-301F-11D3-BF4B-00C04F79EFBC}") = "Tyuiu.PyatkovaAYu.Sprint3.Task7.V21.Test", "Tyuiu.PyatkovaAYu.Sprint3.Task7.V21.Test\Tyuiu.PyatkovaAYu.Sprint3.Task7.V21.Test.csproj", "{EE8521E8-A298-4C06-931B-07A7B406534B}"
EndProject
Project("{FAE04EC0-301F-11D3-BF4B-00C04F79EFBC}") = "Tyuiu.PyatkovaAYu.Sprint3.Task0.V3", "Tyuiu.PyatkovaAYu.Sprint3.Task0.V3\Tyuiu.PyatkovaAYu.Sprint3.Task0.V3.csproj", "{D1824FF2-682F-499A-AD4F-B2F2ACABF7C1}"
EndProject
Project("{FAE04EC0-301F-11D3-BF4B-00C04F79EFBC}") = "Tyuiu.PyatkovaAYu.Sprint3.Task0.V3.Lib", "Tyuiu.PyatkovaAYu.Sprint3.Task0.V3.Lib\Tyuiu.PyatkovaAYu.Sprint3.Task0.V3.Lib.csproj", "{29B7F2D2-BC2F-49BF-9928-3A6B5AB7917F}"
EndProject
Project("{FAE04EC0-301F-11D3-BF4B-00C04F79EFBC}") = "Tyuiu.PyatkovaAYu.Sprint3.Task0.V3.Test", "Tyuiu.PyatkovaAYu.Sprint3.Task0.V3.Test\Tyuiu.PyatkovaAYu.Sprint3.Task0.V3.Test.csproj", "{AD4F3826-E0CF-4158-8A17-7782F860D7C3}"
EndProject
Project("{FAE04EC0-301F-11D3-BF4B-00C04F79EFBC}") = "Tyuiu.PyatkovaAYu.Sprint3.Task1.V17", "Tyuiu.PyatkovaAYu.Sprint3.Task1.V17\Tyuiu.PyatkovaAYu.Sprint3.Task1.V17.csproj", "{CFC2C99F-2F41-4B8E-8E2B-F4DDCF16FC12}"
EndProject
Project("{FAE04EC0-301F-11D3-BF4B-00C04F79EFBC}") = "Tyuiu.PyatkovaAYu.Sprint3.Task1.V17.Lib", "Tyuiu.PyatkovaAYu.Sprint3.Task1.V17.Lib\Tyuiu.PyatkovaAYu.Sprint3.Task1.V17.Lib.csproj", "{3621834B-0584-4267-884B-41F80635A804}"
EndProject
Project("{FAE04EC0-301F-11D3-BF4B-00C04F79EFBC}") = "Tyuiu.PyatkovaAYu.Sprint3.Task1.V17.Test", "Tyuiu.PyatkovaAYu.Sprint3.Task1.V17.Test\Tyuiu.PyatkovaAYu.Sprint3.Task1.V17.Test.csproj", "{DAF5BD7A-48BE-46BD-9391-2F1DB0E369C0}"
EndProject
Project("{FAE04EC0-301F-11D3-BF4B-00C04F79EFBC}") = "Tyuiu.PyatkovaAYu.Sprint3.Task2.V13", "Tyuiu.PyatkovaAYu.Sprint3.Task2.V13\Tyuiu.PyatkovaAYu.Sprint3.Task2.V13.csproj", "{2C7DE0EC-87C6-4E6A-9745-095543DF6261}"
EndProject
Project("{FAE04EC0-301F-11D3-BF4B-00C04F79EFBC}") = "Tyuiu.PyatkovaAYu.Sprint3.Task2.V13.Lib", "Tyuiu.PyatkovaAYu.Sprint3.Task2.V13.Lib\Tyuiu.PyatkovaAYu.Sprint3.Task2.V13.Lib.csproj", "{220BCE91-4F1D-4303-B7B8-5779AE2D3606}"
EndProject
Project("{FAE04EC0-301F-11D3-BF4B-00C04F79EFBC}") = "Tyuiu.PyatkovaAYu.Sprint3.Task2.V13.Test", "Tyuiu.PyatkovaAYu.Sprint3.Task2.V13.Test\Tyuiu.PyatkovaAYu.Sprint3.Task2.V13.Test.csproj", "{63315CAF-DE42-487A-8537-07A18FC9D7C7}"
EndProject
Project("{FAE04EC0-301F-11D3-BF4B-00C04F79EFBC}") = "Tyuiu.PyatkovaAYu.Sprint3.Task3.V12", "Tyuiu.PyatkovaAYu.Sprint3.Task3.V12\Tyuiu.PyatkovaAYu.Sprint3.Task3.V12.csproj", "{65A1BD1B-414B-4F95-8075-33D2FFA6C899}"
EndProject
Project("{FAE04EC0-301F-11D3-BF4B-00C04F79EFBC}") = "Tyuiu.PyatkovaAYu.Sprint3.Task3.V12.Lib", "Tyuiu.PyatkovaAYu.Sprint3.Task3.V12.Lib\Tyuiu.PyatkovaAYu.Sprint3.Task3.V12.Lib.csproj", "{5FEBEE5C-3B02-4189-931A-66ED4E2972F1}"
EndProject
Project("{FAE04EC0-301F-11D3-BF4B-00C04F79EFBC}") = "Tyuiu.PyatkovaAYu.Sprint3.Task3.V12.Test", "Tyuiu.PyatkovaAYu.Sprint3.Task3.V12.Test\Tyuiu.PyatkovaAYu.Sprint3.Task3.V12.Test.csproj", "{2012603E-3646-4F90-B5AE-D4E607561D79}"
EndProject
Global
	GlobalSection(SolutionConfigurationPlatforms) = preSolution
		Debug|Any CPU = Debug|Any CPU
		Release|Any CPU = Release|Any CPU
	EndGlobalSection
	GlobalSection(ProjectConfigurationPlatforms) = postSolution
		{C4ECF754-65C6-4415-A2E1-B32DDFCC3FF3}.Debug|Any CPU.ActiveCfg = Debug|Any CPU
		{C4ECF754-65C6-4415-A2E1-B32DDFCC3FF3}.Debug|Any CPU.Build.0 = Debug|Any CPU
		{C4ECF754-65C6-4415-A2E1-B32DDFCC3FF3}.Release|Any CPU.ActiveCfg = Release|Any CPU
		{C4ECF754-65C6-4415-A2E1-B32DDFCC3FF3}.Release|Any CPU.Build.0 = Release|Any CPU
		{E1DAB70C-989D-4192-BC72-2075DC7BD1D2}.Debug|Any CPU.ActiveCfg = Debug|Any CPU
		{E1DAB70C-989D-4192-BC72-2075DC7BD1D2}.Debug|Any CPU.Build.0 = Debug|Any CPU
		{E1DAB70C-989D-4192-BC72-2075DC7BD1D2}.Release|Any CPU.ActiveCfg = Release|Any CPU
		{E1DAB70C-989D-4192-BC72-2075DC7BD1D2}.Release|Any CPU.Build.0 = Release|Any CPU
		{EE7F37F4-7F65-40CA-BB3B-234DCCE5212F}.Debug|Any CPU.ActiveCfg = Debug|Any CPU
		{EE7F37F4-7F65-40CA-BB3B-234DCCE5212F}.Debug|Any CPU.Build.0 = Debug|Any CPU
		{EE7F37F4-7F65-40CA-BB3B-234DCCE5212F}.Release|Any CPU.ActiveCfg = Release|Any CPU
		{EE7F37F4-7F65-40CA-BB3B-234DCCE5212F}.Release|Any CPU.Build.0 = Release|Any CPU
		{48C68C6F-268F-4BE4-BD33-689674214BB1}.Debug|Any CPU.ActiveCfg = Debug|Any CPU
		{48C68C6F-268F-4BE4-BD33-689674214BB1}.Debug|Any CPU.Build.0 = Debug|Any CPU
		{48C68C6F-268F-4BE4-BD33-689674214BB1}.Release|Any CPU.ActiveCfg = Release|Any CPU
		{48C68C6F-268F-4BE4-BD33-689674214BB1}.Release|Any CPU.Build.0 = Release|Any CPU
		{EB0D4DE4-41DC-4C24-8EC1-92B6684FF696}.Debug|Any CPU.ActiveCfg = Debug|Any CPU
		{EB0D4DE4-41DC-4C24-8EC1-92B6684FF696}.Debug|Any CPU.Build.0 = Debug|Any CPU
		{EB0D4DE4-41DC-4C24-8EC1-92B6684FF696}.Release|Any CPU.ActiveCfg = Release|Any CPU
		{EB0D4DE4-41DC-4C24-8EC1-92B6684FF696}.Release|Any CPU.Build.0 = Release|Any CPU
		{327A7964-31E8-4484-8944-1012FCC80038}.Debug|Any CPU.ActiveCfg = Debug|Any CPU
		{327A7964-31E8-4484-8944-1012FCC80038}.Debug|Any CPU.Build.0 = Debug|Any CPU
		{327A7964-31E8-4484-8944-1012FCC80038}.Release|Any CPU.ActiveCfg = Release|Any CPU
		{327A7964-31E8-4484-8944-1012FCC80038}.Release|Any CPU.Build.0 = Release|Any CPU
		{E492D9A9-ADEA-4957-B718-FA99E38DE1CA}.Debug|Any CPU.ActiveCfg = Debug|Any CPU
		{E492D9A9-ADEA-4957-B718-FA99E38DE1CA}.Debug|Any CPU.Build.0 = Debug|Any CPU
		{E492D9A9-ADEA-4957-B718-FA99E38DE1CA}.Release|Any CPU.ActiveCfg = Release|Any CPU
		{E492D9A9-ADEA-4957-B718-FA99E38DE1CA}.Release|Any CPU.Build.0 = Release|Any CPU
		{6451A757-38D9-4BC8-AF8E-1BDDA1C0967F}.Debug|Any CPU.ActiveCfg = Debug|Any CPU
		{6451A757-38D9-4BC8-AF8E-1BDDA1C0967F}.Debug|Any CPU.Build.0 = Debug|Any CPU
		{6451A757-38D9-4BC8-AF8E-1BDDA1C0967F}.Release|Any CPU.ActiveCfg = Release|Any CPU
		{6451A757-38D9-4BC8-AF8E-1BDDA1C0967F}.Release|Any CPU.Build.0 = Release|Any CPU
		{617841DD-858A-48A6-A411-CEECD09CDD0F}.Debug|Any CPU.ActiveCfg = Debug|Any CPU
		{617841DD-858A-48A6-A411-CEECD09CDD0F}.Debug|Any CPU.Build.0 = Debug|Any CPU
		{617841DD-858A-48A6-A411-CEECD09CDD0F}.Release|Any CPU.ActiveCfg = Release|Any CPU
		{617841DD-858A-48A6-A411-CEECD09CDD0F}.Release|Any CPU.Build.0 = Release|Any CPU
		{8550952F-2DC0-4CE1-8A8F-B492A4D3817E}.Debug|Any CPU.ActiveCfg = Debug|Any CPU
		{8550952F-2DC0-4CE1-8A8F-B492A4D3817E}.Debug|Any CPU.Build.0 = Debug|Any CPU
		{8550952F-2DC0-4CE1-8A8F-B492A4D3817E}.Release|Any CPU.ActiveCfg = Release|Any CPU
		{8550952F-2DC0-4CE1-8A8F-B492A4D3817E}.Release|Any CPU.Build.0 = Release|Any CPU
		{5C0B006D-6E93-4930-AE53-DD783BD7F5B3}.Debug|Any CPU.ActiveCfg = Debug|Any CPU
		{5C0B006D-6E93-4930-AE53-DD783BD7F5B3}.Debug|Any CPU.Build.0 = Debug|Any CPU
		{5C0B006D-6E93-4930-AE53-DD783BD7F5B3}.Release|Any CPU.ActiveCfg = Release|Any CPU
		{5C0B006D-6E93-4930-AE53-DD783BD7F5B3}.Release|Any CPU.Build.0 = Release|Any CPU
		{EE8521E8-A298-4C06-931B-07A7B406534B}.Debug|Any CPU.ActiveCfg = Debug|Any CPU
		{EE8521E8-A298-4C06-931B-07A7B406534B}.Debug|Any CPU.Build.0 = Debug|Any CPU
		{EE8521E8-A298-4C06-931B-07A7B406534B}.Release|Any CPU.ActiveCfg = Release|Any CPU
		{EE8521E8-A298-4C06-931B-07A7B406534B}.Release|Any CPU.Build.0 = Release|Any CPU
		{D1824FF2-682F-499A-AD4F-B2F2ACABF7C1}.Debug|Any CPU.ActiveCfg = Debug|Any CPU
		{D1824FF2-682F-499A-AD4F-B2F2ACABF7C1}.Debug|Any CPU.Build.0 = Debug|Any CPU
		{D1824FF2-682F-499A-AD4F-B2F2ACABF7C1}.Release|Any CPU.ActiveCfg = Release|Any CPU
		{D1824FF2-682F-499A-AD4F-B2F2ACABF7C1}.Release|Any CPU.Build.0 = Release|Any CPU
		{29B7F2D2-BC2F-49BF-9928-3A6B5AB7917F}.Debug|Any CPU.ActiveCfg = Debug|Any CPU
		{29B7F2D2-BC2F-49BF-9928-3A6B5AB7917F}.Debug|Any CPU.Build.0 = Debug|Any CPU
		{29B7F2D2-BC2F-49BF-9928-3A6B5AB7917F}.Release|Any CPU.ActiveCfg = Release|Any CPU
		{29B7F2D2-BC2F-49BF-9928-3A6B5AB7917F}.Release|Any CPU.Build.0 = Release|Any CPU
		{AD4F3826-E0CF-4158-8A17-7782F860D7C3}.Debug|Any CPU.ActiveCfg = Debug|Any CPU
		{AD4F3826-E0CF-4158-8A17-7782F860D7C3}.Debug|Any CPU.Build.0 = Debug|Any CPU
		{AD4F3826-E0CF-4158-8A17-7782F860D7C3}.Release|Any CPU.ActiveCfg = Release|Any CPU
		{AD4F3826-E0CF-4158-8A17-7782F860D7C3}.Release|Any CPU.Build.0 = Release|Any CPU
		{CFC2C99F-2F41-4B8E-8E2B-F4DDCF16FC12}.Debug|Any CPU.ActiveCfg = Debug|Any CPU
		{CFC2C99F-2F41-4B8E-8E2B-F4DDCF16FC12}.Debug|Any CPU.Build.0 = Debug|Any CPU
		{CFC2C99F-2F41-4B8E-8E2B-F4DDCF16FC12}.Release|Any CPU.ActiveCfg = Release|Any CPU
		{CFC2C99F-2F41-4B8E-8E2B-F4DDCF16FC12}.Release|Any CPU.Build.0 = Release|Any CPU
		{3621834B-0584-4267-884B-41F80635A804}.Debug|Any CPU.ActiveCfg = Debug|Any CPU
		{3621834B-0584-4267-884B-41F80635A804}.Debug|Any CPU.Build.0 = Debug|Any CPU
		{3621834B-0584-4267-884B-41F80635A804}.Release|Any CPU.ActiveCfg = Release|Any CPU
		{3621834B-0584-4267-884B-41F80635A804}.Release|Any CPU.Build.0 = Release|Any CPU
		{DAF5BD7A-48BE-46BD-9391-2F1DB0E369C0}.Debug|Any CPU.ActiveCfg = Debug|Any CPU
		{DAF5BD7A-48BE-46BD-9391-2F1DB0E369C0}.Debug|Any CPU.Build.0 = Debug|Any CPU
		{DAF5BD7A-48BE-46BD-9391-2F1DB0E369C0}.Release|Any CPU.ActiveCfg = Release|Any CPU
		{DAF5BD7A-48BE-46BD-9391-2F1DB0E369C0}.Release|Any CPU.Build.0 = Release|Any CPU
		{2C7DE0EC-87C6-4E6A-9745-095543DF6261}.Debug|Any CPU.ActiveCfg = Debug|Any CPU
		{2C7DE0EC-87C6-4E6A-9745-095543DF6261}.Debug|Any CPU.Build.0 = Debug|Any CPU
		{2C7DE0EC-87C6-4E6A-9745-095543DF6261}.Release|Any CPU.ActiveCfg = Release|Any CPU
		{2C7DE0EC-87C6-4E6A-9745-095543DF6261}.Release|Any CPU.Build.0 = Release|Any CPU
		{220BCE91-4F1D-4303-B7B8-5779AE2D3606}.Debug|Any CPU.ActiveCfg = Debug|Any CPU
		{220BCE91-4F1D-4303-B7B8-5779AE2D3606}.Debug|Any CPU.Build.0 = Debug|Any CPU
		{220BCE91-4F1D-4303-B7B8-5779AE2D3606}.Release|Any CPU.ActiveCfg = Release|Any CPU
		{220BCE91-4F1D-4303-B7B8-5779AE2D3606}.Release|Any CPU.Build.0 = Release|Any CPU
		{63315CAF-DE42-487A-8537-07A18FC9D7C7}.Debug|Any CPU.ActiveCfg = Debug|Any CPU
		{63315CAF-DE42-487A-8537-07A18FC9D7C7}.Debug|Any CPU.Build.0 = Debug|Any CPU
		{63315CAF-DE42-487A-8537-07A18FC9D7C7}.Release|Any CPU.ActiveCfg = Release|Any CPU
		{63315CAF-DE42-487A-8537-07A18FC9D7C7}.Release|Any CPU.Build.0 = Release|Any CPU
		{65A1BD1B-414B-4F95-8075-33D2FFA6C899}.Debug|Any CPU.ActiveCfg = Debug|Any CPU
		{65A1BD1B-414B-4F95-8075-33D2FFA6C899}.Debug|Any CPU.Build.0 = Debug|Any CPU
		{65A1BD1B-414B-4F95-8075-33D2FFA6C899}.Release|Any CPU.ActiveCfg = Release|Any CPU
		{65A1BD1B-414B-4F95-8075-33D2FFA6C899}.Release|Any CPU.Build.0 = Release|Any CPU
		{5FEBEE5C-3B02-4189-931A-66ED4E2972F1}.Debug|Any CPU.ActiveCfg = Debug|Any CPU
		{5FEBEE5C-3B02-4189-931A-66ED4E2972F1}.Debug|Any CPU.Build.0 = Debug|Any CPU
		{5FEBEE5C-3B02-4189-931A-66ED4E2972F1}.Release|Any CPU.ActiveCfg = Release|Any CPU
		{5FEBEE5C-3B02-4189-931A-66ED4E2972F1}.Release|Any CPU.Build.0 = Release|Any CPU
		{2012603E-3646-4F90-B5AE-D4E607561D79}.Debug|Any CPU.ActiveCfg = Debug|Any CPU
		{2012603E-3646-4F90-B5AE-D4E607561D79}.Debug|Any CPU.Build.0 = Debug|Any CPU
		{2012603E-3646-4F90-B5AE-D4E607561D79}.Release|Any CPU.ActiveCfg = Release|Any CPU
		{2012603E-3646-4F90-B5AE-D4E607561D79}.Release|Any CPU.Build.0 = Release|Any CPU
	EndGlobalSection
	GlobalSection(SolutionProperties) = preSolution
		HideSolutionNode = FALSE
	EndGlobalSection
	GlobalSection(NestedProjects) = preSolution
		{C4ECF754-65C6-4415-A2E1-B32DDFCC3FF3} = {DB388355-7CED-401C-BB91-7D433A4A9C63}
		{E1DAB70C-989D-4192-BC72-2075DC7BD1D2} = {DB388355-7CED-401C-BB91-7D433A4A9C63}
		{EE7F37F4-7F65-40CA-BB3B-234DCCE5212F} = {DB388355-7CED-401C-BB91-7D433A4A9C63}
		{48C68C6F-268F-4BE4-BD33-689674214BB1} = {9C3E311B-5324-4A6F-A03C-A1396E93E2DB}
		{EB0D4DE4-41DC-4C24-8EC1-92B6684FF696} = {9C3E311B-5324-4A6F-A03C-A1396E93E2DB}
		{327A7964-31E8-4484-8944-1012FCC80038} = {9C3E311B-5324-4A6F-A03C-A1396E93E2DB}
		{E492D9A9-ADEA-4957-B718-FA99E38DE1CA} = {491932A5-AE31-4730-B87F-64A0F90C1ACF}
		{6451A757-38D9-4BC8-AF8E-1BDDA1C0967F} = {491932A5-AE31-4730-B87F-64A0F90C1ACF}
		{617841DD-858A-48A6-A411-CEECD09CDD0F} = {491932A5-AE31-4730-B87F-64A0F90C1ACF}
		{8550952F-2DC0-4CE1-8A8F-B492A4D3817E} = {FD2F5E6C-9A9A-4627-A612-A4649DF5E7F3}
		{5C0B006D-6E93-4930-AE53-DD783BD7F5B3} = {FD2F5E6C-9A9A-4627-A612-A4649DF5E7F3}
		{EE8521E8-A298-4C06-931B-07A7B406534B} = {FD2F5E6C-9A9A-4627-A612-A4649DF5E7F3}
		{D1824FF2-682F-499A-AD4F-B2F2ACABF7C1} = {23D71A1F-A2F7-4E2C-AD5E-6DAF485605A6}
		{29B7F2D2-BC2F-49BF-9928-3A6B5AB7917F} = {23D71A1F-A2F7-4E2C-AD5E-6DAF485605A6}
		{AD4F3826-E0CF-4158-8A17-7782F860D7C3} = {23D71A1F-A2F7-4E2C-AD5E-6DAF485605A6}
		{CFC2C99F-2F41-4B8E-8E2B-F4DDCF16FC12} = {96D5AC1F-4401-4FD0-8BA3-6BA76B7B5023}
		{3621834B-0584-4267-884B-41F80635A804} = {96D5AC1F-4401-4FD0-8BA3-6BA76B7B5023}
		{DAF5BD7A-48BE-46BD-9391-2F1DB0E369C0} = {96D5AC1F-4401-4FD0-8BA3-6BA76B7B5023}
		{2C7DE0EC-87C6-4E6A-9745-095543DF6261} = {F6D43AF9-737B-40F9-9A0E-2D1426CF477D}
		{220BCE91-4F1D-4303-B7B8-5779AE2D3606} = {F6D43AF9-737B-40F9-9A0E-2D1426CF477D}
		{63315CAF-DE42-487A-8537-07A18FC9D7C7} = {F6D43AF9-737B-40F9-9A0E-2D1426CF477D}
		{65A1BD1B-414B-4F95-8075-33D2FFA6C899} = {ECFF41EE-6551-4E3E-A63B-DBFBD2AE2263}
		{5FEBEE5C-3B02-4189-931A-66ED4E2972F1} = {ECFF41EE-6551-4E3E-A63B-DBFBD2AE2263}
		{2012603E-3646-4F90-B5AE-D4E607561D79} = {ECFF41EE-6551-4E3E-A63B-DBFBD2AE2263}
	EndGlobalSection
	GlobalSection(ExtensibilityGlobals) = postSolution
		SolutionGuid = {4ACA8D02-6D27-4016-9991-94C6EDC1991D}
	EndGlobalSection
EndGlobal
